
Microsoft Visual Studio Solution File, Format Version 12.00
# Visual Studio 15
VisualStudioVersion = 15.0.28010.2036
MinimumVisualStudioVersion = 10.0.40219.1
Project("{9A19103F-16F7-4668-BE54-9A1E7A4F7556}") = "TUTORized", "TUTORized.csproj", "{868FEAA2-87E6-4368-9F5E-FB42D8AB04C7}"
EndProject
Project("{9A19103F-16F7-4668-BE54-9A1E7A4F7556}") = "TUTORizedTests", "..\TUTORizedTests\TUTORizedTests.csproj", "{F89F9F3D-F72E-4F5A-B7BA-8531D34944BF}"
EndProject
Project("{2150E333-8FDC-42A3-9474-1A3956D46DE8}") = "Application", "Application", "{394D2960-1724-4130-B97C-B1ED88A01E42}"
EndProject
Project("{2150E333-8FDC-42A3-9474-1A3956D46DE8}") = "Tests", "Tests", "{13BDCE8D-2FBD-4FDF-80A1-FC86FB11029B}"
EndProject
Global
	GlobalSection(SolutionConfigurationPlatforms) = preSolution
		Debug|Any CPU = Debug|Any CPU
		Release|Any CPU = Release|Any CPU
	EndGlobalSection
	GlobalSection(ProjectConfigurationPlatforms) = postSolution
		{868FEAA2-87E6-4368-9F5E-FB42D8AB04C7}.Debug|Any CPU.ActiveCfg = Debug|Any CPU
		{868FEAA2-87E6-4368-9F5E-FB42D8AB04C7}.Debug|Any CPU.Build.0 = Debug|Any CPU
		{868FEAA2-87E6-4368-9F5E-FB42D8AB04C7}.Release|Any CPU.ActiveCfg = Release|Any CPU
		{868FEAA2-87E6-4368-9F5E-FB42D8AB04C7}.Release|Any CPU.Build.0 = Release|Any CPU
		{F89F9F3D-F72E-4F5A-B7BA-8531D34944BF}.Debug|Any CPU.ActiveCfg = Debug|Any CPU
		{F89F9F3D-F72E-4F5A-B7BA-8531D34944BF}.Debug|Any CPU.Build.0 = Debug|Any CPU
		{F89F9F3D-F72E-4F5A-B7BA-8531D34944BF}.Release|Any CPU.ActiveCfg = Release|Any CPU
		{F89F9F3D-F72E-4F5A-B7BA-8531D34944BF}.Release|Any CPU.Build.0 = Release|Any CPU
	EndGlobalSection
	GlobalSection(SolutionProperties) = preSolution
		HideSolutionNode = FALSE
	EndGlobalSection
	GlobalSection(NestedProjects) = preSolution
		{868FEAA2-87E6-4368-9F5E-FB42D8AB04C7} = {394D2960-1724-4130-B97C-B1ED88A01E42}
		{F89F9F3D-F72E-4F5A-B7BA-8531D34944BF} = {13BDCE8D-2FBD-4FDF-80A1-FC86FB11029B}
	EndGlobalSection
	GlobalSection(ExtensibilityGlobals) = postSolution
		SolutionGuid = {9CF5A3AB-90D7-4A08-9F64-197CEEF91A6C}
	EndGlobalSection
EndGlobal
