
Microsoft Visual Studio Solution File, Format Version 12.00
# Visual Studio 15
Project("{FAE04EC0-301F-11D3-BF4B-00C04F79EFBC}") = "TUTORized", "TUTORized.csproj", "{0CB7A01C-3049-4841-A184-D0253C325FA6}"
EndProject
Global
	GlobalSection(SolutionConfigurationPlatforms) = preSolution
		Debug|Any CPU = Debug|Any CPU
		Release|Any CPU = Release|Any CPU
	EndGlobalSection
	GlobalSection(ProjectConfigurationPlatforms) = postSolution
		{0CB7A01C-3049-4841-A184-D0253C325FA6}.Debug|Any CPU.ActiveCfg = Debug|Any CPU
		{0CB7A01C-3049-4841-A184-D0253C325FA6}.Debug|Any CPU.Build.0 = Debug|Any CPU
		{0CB7A01C-3049-4841-A184-D0253C325FA6}.Release|Any CPU.ActiveCfg = Release|Any CPU
		{0CB7A01C-3049-4841-A184-D0253C325FA6}.Release|Any CPU.Build.0 = Release|Any CPU
	EndGlobalSection
EndGlobal
