
Microsoft Visual Studio Solution File, Format Version 12.00
# Visual Studio 15
VisualStudioVersion = 15.0.28010.2026
MinimumVisualStudioVersion = 10.0.40219.1
Project("{9A19103F-16F7-4668-BE54-9A1E7A4F7556}") = "TUTORized", "TUTORized.csproj", "{4CB44D81-1A52-4406-88CD-25CCA62F4385}"
EndProject
Global
	GlobalSection(SolutionConfigurationPlatforms) = preSolution
		Debug|Any CPU = Debug|Any CPU
		Release|Any CPU = Release|Any CPU
	EndGlobalSection
	GlobalSection(ProjectConfigurationPlatforms) = postSolution
		{4CB44D81-1A52-4406-88CD-25CCA62F4385}.Debug|Any CPU.ActiveCfg = Debug|Any CPU
		{4CB44D81-1A52-4406-88CD-25CCA62F4385}.Debug|Any CPU.Build.0 = Debug|Any CPU
		{4CB44D81-1A52-4406-88CD-25CCA62F4385}.Release|Any CPU.ActiveCfg = Release|Any CPU
		{4CB44D81-1A52-4406-88CD-25CCA62F4385}.Release|Any CPU.Build.0 = Release|Any CPU
	EndGlobalSection
	GlobalSection(SolutionProperties) = preSolution
		HideSolutionNode = FALSE
	EndGlobalSection
	GlobalSection(ExtensibilityGlobals) = postSolution
		SolutionGuid = {8BDB409E-1348-4D85-BCE7-DA5000693381}
	EndGlobalSection
EndGlobal
